<?xml version="1.0" encoding="utf-8"?>
<Project ToolsVersion="4.0" xmlns="http://schemas.microsoft.com/developer/msbuild/2003">
  <ItemGroup>
    <Filter Include="Sources">
      <UniqueIdentifier>{8b7ed093-66ce-4096-96d2-fbb9faa4bf52}</UniqueIdentifier>
    </Filter>
    <Filter Include="Sources\Modules">
      <UniqueIdentifier>{7b418be2-1631-4a31-9ef2-8a8b234a7339}</UniqueIdentifier>
    </Filter>
    <Filter Include="Sources\Containers">
      <UniqueIdentifier>{afc36133-f401-499a-aa33-0da1e500fb52}</UniqueIdentifier>
    </Filter>
    <Filter Include="Sources\Tools">
      <UniqueIdentifier>{7e4dfaf7-022c-4f7d-92aa-f3b3fa9d6248}</UniqueIdentifier>
    </Filter>
    <Filter Include="Sources\Helpers">
      <UniqueIdentifier>{121f8e6b-df36-4ab0-be0d-601ddfc9e503}</UniqueIdentifier>
    </Filter>
    <Filter Include="Sources\Modules\Game">
      <UniqueIdentifier>{83f46af7-e02f-40c0-9e56-41d76082527b}</UniqueIdentifier>
    </Filter>
    <Filter Include="Sources\Modules\imgui">
      <UniqueIdentifier>{3efb7020-b830-40ee-a6b7-33abe786a8ce}</UniqueIdentifier>
    </Filter>
    <Filter Include="Sources\Modules\MathGeoLib">
      <UniqueIdentifier>{bf373680-0b7c-483b-9598-ad4acc9a7195}</UniqueIdentifier>
    </Filter>
    <Filter Include="Sources\Modules\MathGeoLib\Source">
      <UniqueIdentifier>{78efafca-7c7c-4467-ad7f-07de4547c922}</UniqueIdentifier>
    </Filter>
    <Filter Include="Sources\Modules\MathGeoLib\Source\Random">
      <UniqueIdentifier>{81ae555f-6f6f-455a-8325-cddc612c0d57}</UniqueIdentifier>
    </Filter>
    <Filter Include="Sources\Modules\JSON">
      <UniqueIdentifier>{5dedd1bc-67af-4b1e-aa8f-ac1d6e868b7b}</UniqueIdentifier>
    </Filter>
    <Filter Include="Sources\Modules\Assimp">
      <UniqueIdentifier>{f30fb1a1-db01-4277-bca8-290d13c92a10}</UniqueIdentifier>
    </Filter>
    <Filter Include="Sources\Modules\Primitives">
      <UniqueIdentifier>{914b94bb-df74-4f36-b84d-6ac11a5f7e0e}</UniqueIdentifier>
    </Filter>
    <Filter Include="Sources\Modules\Devil">
      <UniqueIdentifier>{e96282f8-1dd5-4214-9630-da4195aacec4}</UniqueIdentifier>
    </Filter>
    <Filter Include="Sources\Cereal">
      <UniqueIdentifier>{211ec6cf-0bae-4fdc-ae6a-4052779666da}</UniqueIdentifier>
    </Filter>
    <Filter Include="Sources\Modules\Fluid_MMGR">
      <UniqueIdentifier>{95c042e2-f49e-4e50-9994-324b6a7cc8af}</UniqueIdentifier>
    <Filter Include="Sources\Modules\GerarchyGameObjects">
      <UniqueIdentifier>{2fe8301b-53f1-4c1a-ad3e-cb38d8f9b46e}</UniqueIdentifier>
    </Filter>
    <Filter Include="Sources\Modules\GerarchyGameObjects\Components_types">
      <UniqueIdentifier>{e04356a0-c398-46f3-b316-1aac0fcfe9ab}</UniqueIdentifier>
    </Filter>
  </ItemGroup>
  <ItemGroup>
    <ClInclude Include="Module.h">
      <Filter>Sources\Modules</Filter>
    </ClInclude>
    <ClInclude Include="ModuleAudio.h">
      <Filter>Sources\Modules</Filter>
    </ClInclude>
    <ClInclude Include="ModuleCamera3D.h">
      <Filter>Sources\Modules</Filter>
    </ClInclude>
    <ClInclude Include="ModuleInput.h">
      <Filter>Sources\Modules</Filter>
    </ClInclude>
    <ClInclude Include="ModuleRenderer3D.h">
      <Filter>Sources\Modules</Filter>
    </ClInclude>
    <ClInclude Include="ModuleWindow.h">
      <Filter>Sources\Modules</Filter>
    </ClInclude>
    <ClInclude Include="p2DynArray.h">
      <Filter>Sources\Containers</Filter>
    </ClInclude>
    <ClInclude Include="p2List.h">
      <Filter>Sources\Containers</Filter>
    </ClInclude>
    <ClInclude Include="p2Point.h">
      <Filter>Sources\Containers</Filter>
    </ClInclude>
    <ClInclude Include="glmath.h">
      <Filter>Sources\Containers</Filter>
    </ClInclude>
    <ClInclude Include="Application.h">
      <Filter>Sources</Filter>
    </ClInclude>
    <ClInclude Include="Globals.h">
      <Filter>Sources</Filter>
    </ClInclude>
    <ClInclude Include="Color.h">
      <Filter>Sources\Containers</Filter>
    </ClInclude>
    <ClInclude Include="Light.h">
      <Filter>Sources\Helpers</Filter>
    </ClInclude>
    <ClInclude Include="ModuleSceneIntro.h">
      <Filter>Sources\Modules\Game</Filter>
    </ClInclude>
    <ClInclude Include="Timer.h">
      <Filter>Sources\Tools</Filter>
    </ClInclude>
    <ClInclude Include="ModulePhysics3D.h">
      <Filter>Sources\Modules</Filter>
    </ClInclude>
    <ClInclude Include="PhysBody3D.h">
      <Filter>Sources\Helpers</Filter>
    </ClInclude>
    <ClInclude Include="ModulePlayer.h">
      <Filter>Sources\Modules\Game</Filter>
    </ClInclude>
    <ClInclude Include="j1PerfTimer.h">
      <Filter>Sources\Tools</Filter>
    </ClInclude>
    <ClInclude Include="Imgui\imconfig.h">
      <Filter>Sources\Modules\imgui</Filter>
    </ClInclude>
    <ClInclude Include="Imgui\imgui.h">
      <Filter>Sources\Modules\imgui</Filter>
    </ClInclude>
    <ClInclude Include="Imgui\imgui_internal.h">
      <Filter>Sources\Modules\imgui</Filter>
    </ClInclude>
    <ClInclude Include="Imgui\stb_rect_pack.h">
      <Filter>Sources\Modules\imgui</Filter>
    </ClInclude>
    <ClInclude Include="Imgui\stb_textedit.h">
      <Filter>Sources\Modules\imgui</Filter>
    </ClInclude>
    <ClInclude Include="Imgui\stb_truetype.h">
      <Filter>Sources\Modules\imgui</Filter>
    </ClInclude>
    <ClInclude Include="ModuleGui.h">
      <Filter>Sources\Modules</Filter>
    </ClInclude>
    <ClInclude Include="MathGeoLib\MathGeoLib.h">
      <Filter>Sources\Modules\MathGeoLib</Filter>
    </ClInclude>
    <ClInclude Include="MathGeoLib\Math\MathLog.h">
      <Filter>Sources\Modules\MathGeoLib</Filter>
    </ClInclude>
    <ClInclude Include="MathGeoLib\Geometry\AABB.h">
      <Filter>Sources\Modules\MathGeoLib\Source</Filter>
    </ClInclude>
    <ClInclude Include="MathGeoLib\Geometry\AABB2D.h">
      <Filter>Sources\Modules\MathGeoLib\Source</Filter>
    </ClInclude>
    <ClInclude Include="MathGeoLib\Math\assume.h">
      <Filter>Sources\Modules\MathGeoLib\Source</Filter>
    </ClInclude>
    <ClInclude Include="MathGeoLib\Math\BitOps.h">
      <Filter>Sources\Modules\MathGeoLib\Source</Filter>
    </ClInclude>
    <ClInclude Include="MathGeoLib\Math\Callstack.h">
      <Filter>Sources\Modules\MathGeoLib\Source</Filter>
    </ClInclude>
    <ClInclude Include="MathGeoLib\Geometry\Capsule.h">
      <Filter>Sources\Modules\MathGeoLib\Source</Filter>
    </ClInclude>
    <ClInclude Include="MathGeoLib\Geometry\Circle.h">
      <Filter>Sources\Modules\MathGeoLib\Source</Filter>
    </ClInclude>
    <ClInclude Include="MathGeoLib\Time\Clock.h">
      <Filter>Sources\Modules\MathGeoLib\Source</Filter>
    </ClInclude>
    <ClInclude Include="MathGeoLib\Math\FixedPoint.h">
      <Filter>Sources\Modules\MathGeoLib\Source</Filter>
    </ClInclude>
    <ClInclude Include="MathGeoLib\Math\float2.h">
      <Filter>Sources\Modules\MathGeoLib\Source</Filter>
    </ClInclude>
    <ClInclude Include="MathGeoLib\Math\float3.h">
      <Filter>Sources\Modules\MathGeoLib\Source</Filter>
    </ClInclude>
    <ClInclude Include="MathGeoLib\Math\float3x3.h">
      <Filter>Sources\Modules\MathGeoLib\Source</Filter>
    </ClInclude>
    <ClInclude Include="MathGeoLib\Math\float3x4.h">
      <Filter>Sources\Modules\MathGeoLib\Source</Filter>
    </ClInclude>
    <ClInclude Include="MathGeoLib\Math\float4.h">
      <Filter>Sources\Modules\MathGeoLib\Source</Filter>
    </ClInclude>
    <ClInclude Include="MathGeoLib\Math\float4_neon.h">
      <Filter>Sources\Modules\MathGeoLib\Source</Filter>
    </ClInclude>
    <ClInclude Include="MathGeoLib\Math\float4_sse.h">
      <Filter>Sources\Modules\MathGeoLib\Source</Filter>
    </ClInclude>
    <ClInclude Include="MathGeoLib\Math\float4d.h">
      <Filter>Sources\Modules\MathGeoLib\Source</Filter>
    </ClInclude>
    <ClInclude Include="MathGeoLib\Math\float4x4.h">
      <Filter>Sources\Modules\MathGeoLib\Source</Filter>
    </ClInclude>
    <ClInclude Include="MathGeoLib\Math\float4x4_neon.h">
      <Filter>Sources\Modules\MathGeoLib\Source</Filter>
    </ClInclude>
    <ClInclude Include="MathGeoLib\Math\float4x4_sse.h">
      <Filter>Sources\Modules\MathGeoLib\Source</Filter>
    </ClInclude>
    <ClInclude Include="MathGeoLib\Math\FloatCmp.h">
      <Filter>Sources\Modules\MathGeoLib\Source</Filter>
    </ClInclude>
    <ClInclude Include="MathGeoLib\Geometry\Frustum.h">
      <Filter>Sources\Modules\MathGeoLib\Source</Filter>
    </ClInclude>
    <ClInclude Include="MathGeoLib\Geometry\GeometryAll.h">
      <Filter>Sources\Modules\MathGeoLib\Source</Filter>
    </ClInclude>
    <ClInclude Include="MathGeoLib\Geometry\GeomType.h">
      <Filter>Sources\Modules\MathGeoLib\Source</Filter>
    </ClInclude>
    <ClInclude Include="MathGeoLib\Math\grisu3.h">
      <Filter>Sources\Modules\MathGeoLib\Source</Filter>
    </ClInclude>
    <ClInclude Include="MathGeoLib\Geometry\HitInfo.h">
      <Filter>Sources\Modules\MathGeoLib\Source</Filter>
    </ClInclude>
    <ClInclude Include="MathGeoLib\Math\InclWindows.h">
      <Filter>Sources\Modules\MathGeoLib\Source</Filter>
    </ClInclude>
    <ClInclude Include="MathGeoLib\Geometry\KDTree.h">
      <Filter>Sources\Modules\MathGeoLib\Source</Filter>
    </ClInclude>
    <ClInclude Include="MathGeoLib\Geometry\Line.h">
      <Filter>Sources\Modules\MathGeoLib\Source</Filter>
    </ClInclude>
    <ClInclude Include="MathGeoLib\Geometry\LineSegment.h">
      <Filter>Sources\Modules\MathGeoLib\Source</Filter>
    </ClInclude>
    <ClInclude Include="MathGeoLib\Math\MathAll.h">
      <Filter>Sources\Modules\MathGeoLib\Source</Filter>
    </ClInclude>
    <ClInclude Include="MathGeoLib\MathBuildConfig.h">
      <Filter>Sources\Modules\MathGeoLib\Source</Filter>
    </ClInclude>
    <ClInclude Include="MathGeoLib\Math\MathConstants.h">
      <Filter>Sources\Modules\MathGeoLib\Source</Filter>
    </ClInclude>
    <ClInclude Include="MathGeoLib\Math\MathFunc.h">
      <Filter>Sources\Modules\MathGeoLib\Source</Filter>
    </ClInclude>
    <ClInclude Include="MathGeoLib\MathGeoLibFwd.h">
      <Filter>Sources\Modules\MathGeoLib\Source</Filter>
    </ClInclude>
    <ClInclude Include="MathGeoLib\Math\MathNamespace.h">
      <Filter>Sources\Modules\MathGeoLib\Source</Filter>
    </ClInclude>
    <ClInclude Include="MathGeoLib\Math\MathTypes.h">
      <Filter>Sources\Modules\MathGeoLib\Source</Filter>
    </ClInclude>
    <ClInclude Include="MathGeoLib\Math\MatrixProxy.h">
      <Filter>Sources\Modules\MathGeoLib\Source</Filter>
    </ClInclude>
    <ClInclude Include="MathGeoLib\Math\myassert.h">
      <Filter>Sources\Modules\MathGeoLib\Source</Filter>
    </ClInclude>
    <ClInclude Include="MathGeoLib\Geometry\OBB.h">
      <Filter>Sources\Modules\MathGeoLib\Source</Filter>
    </ClInclude>
    <ClInclude Include="MathGeoLib\Geometry\PBVolume.h">
      <Filter>Sources\Modules\MathGeoLib\Source</Filter>
    </ClInclude>
    <ClInclude Include="MathGeoLib\Geometry\Plane.h">
      <Filter>Sources\Modules\MathGeoLib\Source</Filter>
    </ClInclude>
    <ClInclude Include="MathGeoLib\Geometry\Polygon.h">
      <Filter>Sources\Modules\MathGeoLib\Source</Filter>
    </ClInclude>
    <ClInclude Include="MathGeoLib\Geometry\Polyhedron.h">
      <Filter>Sources\Modules\MathGeoLib\Source</Filter>
    </ClInclude>
    <ClInclude Include="MathGeoLib\Math\Polynomial.h">
      <Filter>Sources\Modules\MathGeoLib\Source</Filter>
    </ClInclude>
    <ClInclude Include="MathGeoLib\Geometry\QuadTree.h">
      <Filter>Sources\Modules\MathGeoLib\Source</Filter>
    </ClInclude>
    <ClInclude Include="MathGeoLib\Math\Quat.h">
      <Filter>Sources\Modules\MathGeoLib\Source</Filter>
    </ClInclude>
    <ClInclude Include="MathGeoLib\Math\quat_simd.h">
      <Filter>Sources\Modules\MathGeoLib\Source</Filter>
    </ClInclude>
    <ClInclude Include="MathGeoLib\Geometry\Ray.h">
      <Filter>Sources\Modules\MathGeoLib\Source</Filter>
    </ClInclude>
    <ClInclude Include="MathGeoLib\Math\Rect.h">
      <Filter>Sources\Modules\MathGeoLib\Source</Filter>
    </ClInclude>
    <ClInclude Include="MathGeoLib\Math\Reinterpret.h">
      <Filter>Sources\Modules\MathGeoLib\Source</Filter>
    </ClInclude>
    <ClInclude Include="MathGeoLib\Math\simd.h">
      <Filter>Sources\Modules\MathGeoLib\Source</Filter>
    </ClInclude>
    <ClInclude Include="MathGeoLib\Geometry\Sphere.h">
      <Filter>Sources\Modules\MathGeoLib\Source</Filter>
    </ClInclude>
    <ClInclude Include="MathGeoLib\Math\sse_mathfun.h">
      <Filter>Sources\Modules\MathGeoLib\Source</Filter>
    </ClInclude>
    <ClInclude Include="MathGeoLib\Math\SSEMath.h">
      <Filter>Sources\Modules\MathGeoLib\Source</Filter>
    </ClInclude>
    <ClInclude Include="MathGeoLib\Math\TransformOps.h">
      <Filter>Sources\Modules\MathGeoLib\Source</Filter>
    </ClInclude>
    <ClInclude Include="MathGeoLib\Geometry\Triangle.h">
      <Filter>Sources\Modules\MathGeoLib\Source</Filter>
    </ClInclude>
    <ClInclude Include="MathGeoLib\Geometry\TriangleMesh.h">
      <Filter>Sources\Modules\MathGeoLib\Source</Filter>
    </ClInclude>
    <ClInclude Include="MathGeoLib\emscripten\library_system.h">
      <Filter>Sources\Modules\MathGeoLib\Source</Filter>
    </ClInclude>
    <ClInclude Include="MathGeoLib\Algorithm\GJK.h">
      <Filter>Sources\Modules\MathGeoLib\Source</Filter>
    </ClInclude>
    <ClInclude Include="MathGeoLib\Algorithm\SAT.h">
      <Filter>Sources\Modules\MathGeoLib\Source</Filter>
    </ClInclude>
    <ClInclude Include="MathGeoLib\Algorithm\Random\LCG.h">
      <Filter>Sources\Modules\MathGeoLib\Source\Random</Filter>
    </ClInclude>
    <ClInclude Include="Console_ImGui.h">
      <Filter>Sources\Modules</Filter>
    </ClInclude>
    <ClInclude Include="JSON\parson.h">
      <Filter>Sources\Modules\JSON</Filter>
    </ClInclude>
    <ClInclude Include="Parson_JSON.h">
      <Filter>Sources\Modules\JSON</Filter>
    </ClInclude>
    <ClInclude Include="Imgui\imgui_impl_sdl.h">
      <Filter>Sources\Modules\imgui</Filter>
    </ClInclude>
    <ClInclude Include="Imgui\imgui_impl_sdl_gl3.h">
      <Filter>Sources\Modules\imgui</Filter>
    </ClInclude>
    <ClInclude Include="Geometry.h">
      <Filter>Sources\Helpers</Filter>
    </ClInclude>
    <ClInclude Include="Assimp\include\assimp\ai_assert.h">
      <Filter>Sources\Modules\Assimp</Filter>
    </ClInclude>
    <ClInclude Include="Assimp\include\assimp\anim.h">
      <Filter>Sources\Modules\Assimp</Filter>
    </ClInclude>
    <ClInclude Include="Assimp\include\assimp\camera.h">
      <Filter>Sources\Modules\Assimp</Filter>
    </ClInclude>
    <ClInclude Include="Assimp\include\assimp\cexport.h">
      <Filter>Sources\Modules\Assimp</Filter>
    </ClInclude>
    <ClInclude Include="Assimp\include\assimp\cfileio.h">
      <Filter>Sources\Modules\Assimp</Filter>
    </ClInclude>
    <ClInclude Include="Assimp\include\assimp\cimport.h">
      <Filter>Sources\Modules\Assimp</Filter>
    </ClInclude>
    <ClInclude Include="Assimp\include\assimp\color4.h">
      <Filter>Sources\Modules\Assimp</Filter>
    </ClInclude>
    <ClInclude Include="Assimp\include\assimp\DefaultIOStream.h">
      <Filter>Sources\Modules\Assimp</Filter>
    </ClInclude>
    <ClInclude Include="Assimp\include\assimp\DefaultIOSystem.h">
      <Filter>Sources\Modules\Assimp</Filter>
    </ClInclude>
    <ClInclude Include="Assimp\include\assimp\DefaultLogger.hpp">
      <Filter>Sources\Modules\Assimp</Filter>
    </ClInclude>
    <ClInclude Include="Assimp\include\assimp\Defines.h">
      <Filter>Sources\Modules\Assimp</Filter>
    </ClInclude>
    <ClInclude Include="Assimp\include\assimp\defs.h">
      <Filter>Sources\Modules\Assimp</Filter>
    </ClInclude>
    <ClInclude Include="Assimp\include\assimp\Exporter.hpp">
      <Filter>Sources\Modules\Assimp</Filter>
    </ClInclude>
    <ClInclude Include="Assimp\include\assimp\Importer.hpp">
      <Filter>Sources\Modules\Assimp</Filter>
    </ClInclude>
    <ClInclude Include="Assimp\include\assimp\importerdesc.h">
      <Filter>Sources\Modules\Assimp</Filter>
    </ClInclude>
    <ClInclude Include="Assimp\include\assimp\IOStream.hpp">
      <Filter>Sources\Modules\Assimp</Filter>
    </ClInclude>
    <ClInclude Include="Assimp\include\assimp\IOSystem.hpp">
      <Filter>Sources\Modules\Assimp</Filter>
    </ClInclude>
    <ClInclude Include="Assimp\include\assimp\light.h">
      <Filter>Sources\Modules\Assimp</Filter>
    </ClInclude>
    <ClInclude Include="Assimp\include\assimp\Logger.hpp">
      <Filter>Sources\Modules\Assimp</Filter>
    </ClInclude>
    <ClInclude Include="Assimp\include\assimp\LogStream.hpp">
      <Filter>Sources\Modules\Assimp</Filter>
    </ClInclude>
    <ClInclude Include="Assimp\include\assimp\material.h">
      <Filter>Sources\Modules\Assimp</Filter>
    </ClInclude>
    <ClInclude Include="Assimp\include\assimp\matrix3x3.h">
      <Filter>Sources\Modules\Assimp</Filter>
    </ClInclude>
    <ClInclude Include="Assimp\include\assimp\matrix4x4.h">
      <Filter>Sources\Modules\Assimp</Filter>
    </ClInclude>
    <ClInclude Include="Assimp\include\assimp\mesh.h">
      <Filter>Sources\Modules\Assimp</Filter>
    </ClInclude>
    <ClInclude Include="Assimp\include\assimp\metadata.h">
      <Filter>Sources\Modules\Assimp</Filter>
    </ClInclude>
    <ClInclude Include="Assimp\include\assimp\NullLogger.hpp">
      <Filter>Sources\Modules\Assimp</Filter>
    </ClInclude>
    <ClInclude Include="Assimp\include\assimp\postprocess.h">
      <Filter>Sources\Modules\Assimp</Filter>
    </ClInclude>
    <ClInclude Include="Assimp\include\assimp\ProgressHandler.hpp">
      <Filter>Sources\Modules\Assimp</Filter>
    </ClInclude>
    <ClInclude Include="Assimp\include\assimp\quaternion.h">
      <Filter>Sources\Modules\Assimp</Filter>
    </ClInclude>
    <ClInclude Include="Assimp\include\assimp\scene.h">
      <Filter>Sources\Modules\Assimp</Filter>
    </ClInclude>
    <ClInclude Include="Assimp\include\assimp\SceneCombiner.h">
      <Filter>Sources\Modules\Assimp</Filter>
    </ClInclude>
    <ClInclude Include="Assimp\include\assimp\texture.h">
      <Filter>Sources\Modules\Assimp</Filter>
    </ClInclude>
    <ClInclude Include="Assimp\include\assimp\types.h">
      <Filter>Sources\Modules\Assimp</Filter>
    </ClInclude>
    <ClInclude Include="Assimp\include\assimp\vector2.h">
      <Filter>Sources\Modules\Assimp</Filter>
    </ClInclude>
    <ClInclude Include="Assimp\include\assimp\vector3.h">
      <Filter>Sources\Modules\Assimp</Filter>
    </ClInclude>
    <ClInclude Include="Assimp\include\assimp\version.h">
      <Filter>Sources\Modules\Assimp</Filter>
    </ClInclude>
    <ClInclude Include="Assimp\include\assimp\config.h">
      <Filter>Sources\Modules\Assimp</Filter>
    </ClInclude>
    <ClInclude Include="Cube_prim.h">
      <Filter>Sources\Modules\Primitives</Filter>
    </ClInclude>
    <ClInclude Include="ModuleAssimp.h">
      <Filter>Sources\Modules</Filter>
    </ClInclude>
    <ClInclude Include="Devil\include\config.h">
      <Filter>Sources\Modules\Devil</Filter>
    </ClInclude>
    <ClInclude Include="Devil\include\devil_internal_exports.h">
      <Filter>Sources\Modules\Devil</Filter>
    </ClInclude>
    <ClInclude Include="Devil\include\il.h">
      <Filter>Sources\Modules\Devil</Filter>
    </ClInclude>
    <ClInclude Include="Devil\include\il_wrap.h">
      <Filter>Sources\Modules\Devil</Filter>
    </ClInclude>
    <ClInclude Include="Devil\include\ilu.h">
      <Filter>Sources\Modules\Devil</Filter>
    </ClInclude>
    <ClInclude Include="Devil\include\ilu_region.h">
      <Filter>Sources\Modules\Devil</Filter>
    </ClInclude>
    <ClInclude Include="Devil\include\ilut.h">
      <Filter>Sources\Modules\Devil</Filter>
    </ClInclude>
    <ClInclude Include="Devil\include\ilut_config.h">
      <Filter>Sources\Modules\Devil</Filter>
    </ClInclude>
    <ClInclude Include="Imgui\imguidock.h">
      <Filter>Sources\Modules\imgui</Filter>
    </ClInclude>
    <ClInclude Include="Texture_Engine.h">
      <Filter>Sources\Modules</Filter>
    </ClInclude>
    <ClInclude Include="Imgui\Data.h">
      <Filter>Sources\Modules\imgui</Filter>
    </ClInclude>
    <ClInclude Include="cereal-1.2.2\include\cereal\archives\adapters.hpp">
      <Filter>Sources\Cereal</Filter>
    </ClInclude>
    <ClInclude Include="cereal-1.2.2\include\cereal\archives\binary.hpp">
      <Filter>Sources\Cereal</Filter>
    </ClInclude>
    <ClInclude Include="cereal-1.2.2\include\cereal\archives\json.hpp">
      <Filter>Sources\Cereal</Filter>
    </ClInclude>
    <ClInclude Include="cereal-1.2.2\include\cereal\archives\portable_binary.hpp">
      <Filter>Sources\Cereal</Filter>
    </ClInclude>
    <ClInclude Include="cereal-1.2.2\include\cereal\archives\xml.hpp">
      <Filter>Sources\Cereal</Filter>
    </ClInclude>
    <ClInclude Include="Fluid_Studios_Memory_Manager\mmgr.h">
      <Filter>Sources\Modules\Fluid_MMGR</Filter>
    </ClInclude>
    <ClInclude Include="Fluid_Studios_Memory_Manager\nommgr.h">
      <Filter>Sources\Modules\Fluid_MMGR</Filter>
    <ClInclude Include="GameObject.h">
      <Filter>Sources\Modules\GerarchyGameObjects</Filter>
    </ClInclude>
    <ClInclude Include="Component.h">
      <Filter>Sources\Modules\GerarchyGameObjects</Filter>
    </ClInclude>
    <ClInclude Include="Transform.h">
      <Filter>Sources\Modules\GerarchyGameObjects\Components_types</Filter>
    </ClInclude>
    <ClInclude Include="Mesh.h">
      <Filter>Sources\Modules\GerarchyGameObjects\Components_types</Filter>
    </ClInclude>
    <ClInclude Include="ModuleFileSystem_Engine.h" />
    <ClInclude Include="Material.h">
      <Filter>Sources\Modules\GerarchyGameObjects\Components_types</Filter>
    </ClInclude>
  </ItemGroup>
  <ItemGroup>
    <ClCompile Include="ModuleAudio.cpp">
      <Filter>Sources\Modules</Filter>
    </ClCompile>
    <ClCompile Include="ModuleCamera3D.cpp">
      <Filter>Sources\Modules</Filter>
    </ClCompile>
    <ClCompile Include="ModuleInput.cpp">
      <Filter>Sources\Modules</Filter>
    </ClCompile>
    <ClCompile Include="ModuleRenderer3D.cpp">
      <Filter>Sources\Modules</Filter>
    </ClCompile>
    <ClCompile Include="ModuleWindow.cpp">
      <Filter>Sources\Modules</Filter>
    </ClCompile>
    <ClCompile Include="log.cpp">
      <Filter>Sources\Tools</Filter>
    </ClCompile>
    <ClCompile Include="Timer.cpp">
      <Filter>Sources\Tools</Filter>
    </ClCompile>
    <ClCompile Include="Application.cpp">
      <Filter>Sources</Filter>
    </ClCompile>
    <ClCompile Include="Main.cpp">
      <Filter>Sources</Filter>
    </ClCompile>
    <ClCompile Include="glmath.cpp">
      <Filter>Sources\Containers</Filter>
    </ClCompile>
    <ClCompile Include="Color.cpp">
      <Filter>Sources\Containers</Filter>
    </ClCompile>
    <ClCompile Include="Light.cpp">
      <Filter>Sources\Helpers</Filter>
    </ClCompile>
    <ClCompile Include="ModuleSceneIntro.cpp">
      <Filter>Sources\Modules\Game</Filter>
    </ClCompile>
    <ClCompile Include="ModulePhysics3D.cpp">
      <Filter>Sources\Modules</Filter>
    </ClCompile>
    <ClCompile Include="PhysBody3D.cpp">
      <Filter>Sources\Helpers</Filter>
    </ClCompile>
    <ClCompile Include="ModulePlayer.cpp">
      <Filter>Sources\Modules\Game</Filter>
    </ClCompile>
    <ClCompile Include="j1PerfTimer.cpp">
      <Filter>Sources\Tools</Filter>
    </ClCompile>
    <ClCompile Include="Imgui\imgui.cpp">
      <Filter>Sources\Modules\imgui</Filter>
    </ClCompile>
    <ClCompile Include="Imgui\imgui_demo.cpp">
      <Filter>Sources\Modules\imgui</Filter>
    </ClCompile>
    <ClCompile Include="Imgui\imgui_draw.cpp">
      <Filter>Sources\Modules\imgui</Filter>
    </ClCompile>
    <ClCompile Include="ModuleGui.cpp">
      <Filter>Sources\Modules</Filter>
    </ClCompile>
    <ClCompile Include="MathGeoLib\Geometry\AABB.cpp">
      <Filter>Sources\Modules\MathGeoLib\Source</Filter>
    </ClCompile>
    <ClCompile Include="MathGeoLib\Math\BitOps.cpp">
      <Filter>Sources\Modules\MathGeoLib\Source</Filter>
    </ClCompile>
    <ClCompile Include="MathGeoLib\Math\Callstack.cpp">
      <Filter>Sources\Modules\MathGeoLib\Source</Filter>
    </ClCompile>
    <ClCompile Include="MathGeoLib\Geometry\Capsule.cpp">
      <Filter>Sources\Modules\MathGeoLib\Source</Filter>
    </ClCompile>
    <ClCompile Include="MathGeoLib\Geometry\Circle.cpp">
      <Filter>Sources\Modules\MathGeoLib\Source</Filter>
    </ClCompile>
    <ClCompile Include="MathGeoLib\Time\Clock.cpp">
      <Filter>Sources\Modules\MathGeoLib\Source</Filter>
    </ClCompile>
    <ClCompile Include="MathGeoLib\Math\float2.cpp">
      <Filter>Sources\Modules\MathGeoLib\Source</Filter>
    </ClCompile>
    <ClCompile Include="MathGeoLib\Math\float3.cpp">
      <Filter>Sources\Modules\MathGeoLib\Source</Filter>
    </ClCompile>
    <ClCompile Include="MathGeoLib\Math\float3x3.cpp">
      <Filter>Sources\Modules\MathGeoLib\Source</Filter>
    </ClCompile>
    <ClCompile Include="MathGeoLib\Math\float3x4.cpp">
      <Filter>Sources\Modules\MathGeoLib\Source</Filter>
    </ClCompile>
    <ClCompile Include="MathGeoLib\Math\float4.cpp">
      <Filter>Sources\Modules\MathGeoLib\Source</Filter>
    </ClCompile>
    <ClCompile Include="MathGeoLib\Math\float4d.cpp">
      <Filter>Sources\Modules\MathGeoLib\Source</Filter>
    </ClCompile>
    <ClCompile Include="MathGeoLib\Math\float4x4.cpp">
      <Filter>Sources\Modules\MathGeoLib\Source</Filter>
    </ClCompile>
    <ClCompile Include="MathGeoLib\Geometry\Frustum.cpp">
      <Filter>Sources\Modules\MathGeoLib\Source</Filter>
    </ClCompile>
    <ClCompile Include="MathGeoLib\Math\grisu3.c">
      <Filter>Sources\Modules\MathGeoLib\Source</Filter>
    </ClCompile>
    <ClCompile Include="MathGeoLib\Math\grisu3_cpp.cpp">
      <Filter>Sources\Modules\MathGeoLib\Source</Filter>
    </ClCompile>
    <ClCompile Include="MathGeoLib\Geometry\Line.cpp">
      <Filter>Sources\Modules\MathGeoLib\Source</Filter>
    </ClCompile>
    <ClCompile Include="MathGeoLib\Geometry\LineSegment.cpp">
      <Filter>Sources\Modules\MathGeoLib\Source</Filter>
    </ClCompile>
    <ClCompile Include="MathGeoLib\Math\MathFunc.cpp">
      <Filter>Sources\Modules\MathGeoLib\Source</Filter>
    </ClCompile>
    <ClCompile Include="MathGeoLib\Math\MathLog.cpp">
      <Filter>Sources\Modules\MathGeoLib\Source</Filter>
    </ClCompile>
    <ClCompile Include="MathGeoLib\Math\MathOps.cpp">
      <Filter>Sources\Modules\MathGeoLib\Source</Filter>
    </ClCompile>
    <ClCompile Include="MathGeoLib\Geometry\OBB.cpp">
      <Filter>Sources\Modules\MathGeoLib\Source</Filter>
    </ClCompile>
    <ClCompile Include="MathGeoLib\Geometry\PBVolume.cpp">
      <Filter>Sources\Modules\MathGeoLib\Source</Filter>
    </ClCompile>
    <ClCompile Include="MathGeoLib\Geometry\Plane.cpp">
      <Filter>Sources\Modules\MathGeoLib\Source</Filter>
    </ClCompile>
    <ClCompile Include="MathGeoLib\Geometry\Polygon.cpp">
      <Filter>Sources\Modules\MathGeoLib\Source</Filter>
    </ClCompile>
    <ClCompile Include="MathGeoLib\Geometry\Polyhedron.cpp">
      <Filter>Sources\Modules\MathGeoLib\Source</Filter>
    </ClCompile>
    <ClCompile Include="MathGeoLib\Math\Polynomial.cpp">
      <Filter>Sources\Modules\MathGeoLib\Source</Filter>
    </ClCompile>
    <ClCompile Include="MathGeoLib\Math\Quat.cpp">
      <Filter>Sources\Modules\MathGeoLib\Source</Filter>
    </ClCompile>
    <ClCompile Include="MathGeoLib\Geometry\Ray.cpp">
      <Filter>Sources\Modules\MathGeoLib\Source</Filter>
    </ClCompile>
    <ClCompile Include="MathGeoLib\Geometry\Sphere.cpp">
      <Filter>Sources\Modules\MathGeoLib\Source</Filter>
    </ClCompile>
    <ClCompile Include="MathGeoLib\Math\SSEMath.cpp">
      <Filter>Sources\Modules\MathGeoLib\Source</Filter>
    </ClCompile>
    <ClCompile Include="MathGeoLib\Math\TransformOps.cpp">
      <Filter>Sources\Modules\MathGeoLib\Source</Filter>
    </ClCompile>
    <ClCompile Include="MathGeoLib\Geometry\Triangle.cpp">
      <Filter>Sources\Modules\MathGeoLib\Source</Filter>
    </ClCompile>
    <ClCompile Include="MathGeoLib\Geometry\TriangleMesh.cpp">
      <Filter>Sources\Modules\MathGeoLib\Source</Filter>
    </ClCompile>
    <ClCompile Include="MathGeoLib\Algorithm\GJK.cpp">
      <Filter>Sources\Modules\MathGeoLib\Source</Filter>
    </ClCompile>
    <ClCompile Include="MathGeoLib\Algorithm\Random\LCG.cpp">
      <Filter>Sources\Modules\MathGeoLib\Source\Random</Filter>
    </ClCompile>
    <ClCompile Include="Console_ImGui.cpp">
      <Filter>Sources\Modules</Filter>
    </ClCompile>
    <ClCompile Include="JSON\parson.c">
      <Filter>Sources\Modules\JSON</Filter>
    </ClCompile>
    <ClCompile Include="Parson_JSON.cpp">
      <Filter>Sources\Modules\JSON</Filter>
    </ClCompile>
    <ClCompile Include="Imgui\imgui_impl_sdl.cpp">
      <Filter>Sources\Modules\imgui</Filter>
    </ClCompile>
    <ClCompile Include="Imgui\imgui_impl_sdl_gl3.cpp">
      <Filter>Sources\Modules\imgui</Filter>
    </ClCompile>
    <ClCompile Include="Geometry.cpp">
      <Filter>Sources\Helpers</Filter>
    </ClCompile>
    <ClCompile Include="Cube_prim.cpp">
      <Filter>Sources\Modules\Primitives</Filter>
    </ClCompile>
    <ClCompile Include="ModuleAssimp.cpp">
      <Filter>Sources\Modules</Filter>
    </ClCompile>
    <ClCompile Include="Imgui\imguidock.cpp">
      <Filter>Sources\Modules\imgui</Filter>
    </ClCompile>
    <ClCompile Include="Texture_Engine.cpp">
      <Filter>Sources\Modules</Filter>
    </ClCompile>
    <ClCompile Include="Imgui\Data.cpp">
      <Filter>Sources\Modules\imgui</Filter>
    </ClCompile>
    <ClCompile Include="Fluid_Studios_Memory_Manager\mmgr.cpp">
      <Filter>Sources\Modules\Fluid_MMGR</Filter>
    <ClCompile Include="GameObject.cpp">
      <Filter>Sources\Modules\GerarchyGameObjects</Filter>
    </ClCompile>
    <ClCompile Include="Component.cpp">
      <Filter>Sources\Modules\GerarchyGameObjects</Filter>
    </ClCompile>
    <ClCompile Include="Transform.cpp">
      <Filter>Sources\Modules\GerarchyGameObjects\Components_types</Filter>
    </ClCompile>
    <ClCompile Include="Mesh.cpp">
      <Filter>Sources\Modules\GerarchyGameObjects\Components_types</Filter>
    </ClCompile>
    <ClCompile Include="ModuleFileSystem_Engine.cpp" />
    <ClCompile Include="Material.cpp">
      <Filter>Sources\Modules\GerarchyGameObjects\Components_types</Filter>
    </ClCompile>
  </ItemGroup>
  <ItemGroup>
    <None Include="MathGeoLib\Math\float2.inl">
      <Filter>Sources\Modules\MathGeoLib\Source</Filter>
    </None>
    <None Include="MathGeoLib\Geometry\KDTree.inl">
      <Filter>Sources\Modules\MathGeoLib\Source</Filter>
    </None>
    <None Include="MathGeoLib\Math\Matrix.inl">
      <Filter>Sources\Modules\MathGeoLib\Source</Filter>
    </None>
    <None Include="MathGeoLib\Geometry\QuadTree.inl">
      <Filter>Sources\Modules\MathGeoLib\Source</Filter>
    </None>
    <None Include="MathGeoLib\Geometry\TriangleMesh_IntersectRay_AVX.inl">
      <Filter>Sources\Modules\MathGeoLib\Source</Filter>
    </None>
    <None Include="MathGeoLib\Geometry\TriangleMesh_IntersectRay_CPP.inl">
      <Filter>Sources\Modules\MathGeoLib\Source</Filter>
    </None>
    <None Include="MathGeoLib\Geometry\TriangleMesh_IntersectRay_SSE.inl">
      <Filter>Sources\Modules\MathGeoLib\Source</Filter>
    </None>
    <None Include="MathGeoLib\emscripten\library_system.js">
      <Filter>Sources\Modules\MathGeoLib\Source</Filter>
    </None>
    <None Include="Assimp\include\assimp\.editorconfig">
      <Filter>Sources\Modules\Assimp</Filter>
    </None>
    <None Include="Assimp\include\assimp\color4.inl">
      <Filter>Sources\Modules\Assimp</Filter>
    </None>
    <None Include="Assimp\include\assimp\config.h.in">
      <Filter>Sources\Modules\Assimp</Filter>
    </None>
    <None Include="Assimp\include\assimp\material.inl">
      <Filter>Sources\Modules\Assimp</Filter>
    </None>
    <None Include="Assimp\include\assimp\matrix3x3.inl">
      <Filter>Sources\Modules\Assimp</Filter>
    </None>
    <None Include="Assimp\include\assimp\matrix4x4.inl">
      <Filter>Sources\Modules\Assimp</Filter>
    </None>
    <None Include="Assimp\include\assimp\quaternion.inl">
      <Filter>Sources\Modules\Assimp</Filter>
    </None>
    <None Include="Assimp\include\assimp\vector2.inl">
      <Filter>Sources\Modules\Assimp</Filter>
    </None>
    <None Include="Assimp\include\assimp\vector3.inl">
      <Filter>Sources\Modules\Assimp</Filter>
    </None>
    <None Include="Devil\include\config.h.win">
      <Filter>Sources\Modules\Devil</Filter>
    </None>
  </ItemGroup>
</Project>